
Microsoft Visual Studio Solution File, Format Version 12.00
# Visual Studio Version 17
VisualStudioVersion = 17.10.35027.167
MinimumVisualStudioVersion = 10.0.40219.1
Project("{9A19103F-16F7-4668-BE54-9A1E7A4F7556}") = "AQuestReborn", "AQuestReborn\AQuestReborn.csproj", "{13C812E9-0D42-4B95-8646-40EEBF30636F}"
EndProject
Project("{9A19103F-16F7-4668-BE54-9A1E7A4F7556}") = "RoleplayingQuestCore", "RoleplayingQuestCore\RoleplayingQuestCore.csproj", "{683D2893-FE51-4784-8B8C-C135EF09FC04}"
EndProject
Project("{9A19103F-16F7-4668-BE54-9A1E7A4F7556}") = "RoleplayingVoiceCore", "RoleplayingVoiceCore\RoleplayingVoiceCore.csproj", "{1A32802D-BE72-49C1-8F5E-6E5AC05A1C3A}"
EndProject
Project("{9A19103F-16F7-4668-BE54-9A1E7A4F7556}") = "Brio", "Brio\Brio\Brio.csproj", "{EBDF82F6-45D1-4A07-A07E-F79242A7CA3B}"
EndProject
Project("{9A19103F-16F7-4668-BE54-9A1E7A4F7556}") = "LooseTextureCompilerCore", "LooseTextureCompilerCore\LooseTextureCompilerCore.csproj", "{AB36F520-A0D6-4E2A-B562-746C20457800}"
EndProject
Project("{9A19103F-16F7-4668-BE54-9A1E7A4F7556}") = "MareSynchronos.API", "api\MareSynchronosAPI\MareSynchronos.API.csproj", "{F2FD022A-AC73-4A1E-9F10-0B1D71578529}"
EndProject
Project("{9A19103F-16F7-4668-BE54-9A1E7A4F7556}") = "ECommons", "ECommons\ECommons\ECommons.csproj", "{0EE9E449-67E2-4BCE-83AF-F1E20A5F95EB}"
EndProject
Project("{FAE04EC0-301F-11D3-BF4B-00C04F79EFBC}") = "McdfDataImporter", "MCDF-Loader\MCDFLoader\McdfDataImporter.csproj", "{0C3A09AE-1B16-AD86-E6EC-15865121BEAD}"
EndProject
Global
	GlobalSection(SolutionConfigurationPlatforms) = preSolution
		Debug|Any CPU = Debug|Any CPU
		Debug|x64 = Debug|x64
		DebugForms|Any CPU = DebugForms|Any CPU
		DebugForms|x64 = DebugForms|x64
		Release|Any CPU = Release|Any CPU
		Release|x64 = Release|x64
		ReleaseForms|Any CPU = ReleaseForms|Any CPU
		ReleaseForms|x64 = ReleaseForms|x64
	EndGlobalSection
	GlobalSection(ProjectConfigurationPlatforms) = postSolution
		{13C812E9-0D42-4B95-8646-40EEBF30636F}.Debug|Any CPU.ActiveCfg = Debug|x64
		{13C812E9-0D42-4B95-8646-40EEBF30636F}.Debug|Any CPU.Build.0 = Debug|x64
		{13C812E9-0D42-4B95-8646-40EEBF30636F}.Debug|x64.ActiveCfg = Debug|x64
		{13C812E9-0D42-4B95-8646-40EEBF30636F}.Debug|x64.Build.0 = Debug|x64
		{13C812E9-0D42-4B95-8646-40EEBF30636F}.DebugForms|Any CPU.ActiveCfg = Debug|x64
		{13C812E9-0D42-4B95-8646-40EEBF30636F}.DebugForms|Any CPU.Build.0 = Debug|x64
		{13C812E9-0D42-4B95-8646-40EEBF30636F}.DebugForms|x64.ActiveCfg = Debug|x64
		{13C812E9-0D42-4B95-8646-40EEBF30636F}.DebugForms|x64.Build.0 = Debug|x64
		{13C812E9-0D42-4B95-8646-40EEBF30636F}.Release|Any CPU.ActiveCfg = Release|x64
		{13C812E9-0D42-4B95-8646-40EEBF30636F}.Release|Any CPU.Build.0 = Release|x64
		{13C812E9-0D42-4B95-8646-40EEBF30636F}.Release|x64.ActiveCfg = Release|x64
		{13C812E9-0D42-4B95-8646-40EEBF30636F}.Release|x64.Build.0 = Release|x64
		{13C812E9-0D42-4B95-8646-40EEBF30636F}.ReleaseForms|Any CPU.ActiveCfg = Release|x64
		{13C812E9-0D42-4B95-8646-40EEBF30636F}.ReleaseForms|Any CPU.Build.0 = Release|x64
		{13C812E9-0D42-4B95-8646-40EEBF30636F}.ReleaseForms|x64.ActiveCfg = Release|x64
		{13C812E9-0D42-4B95-8646-40EEBF30636F}.ReleaseForms|x64.Build.0 = Release|x64
		{683D2893-FE51-4784-8B8C-C135EF09FC04}.Debug|Any CPU.ActiveCfg = Debug|Any CPU
		{683D2893-FE51-4784-8B8C-C135EF09FC04}.Debug|Any CPU.Build.0 = Debug|Any CPU
		{683D2893-FE51-4784-8B8C-C135EF09FC04}.Debug|x64.ActiveCfg = Debug|Any CPU
		{683D2893-FE51-4784-8B8C-C135EF09FC04}.Debug|x64.Build.0 = Debug|Any CPU
		{683D2893-FE51-4784-8B8C-C135EF09FC04}.DebugForms|Any CPU.ActiveCfg = Debug|Any CPU
		{683D2893-FE51-4784-8B8C-C135EF09FC04}.DebugForms|Any CPU.Build.0 = Debug|Any CPU
		{683D2893-FE51-4784-8B8C-C135EF09FC04}.DebugForms|x64.ActiveCfg = Debug|Any CPU
		{683D2893-FE51-4784-8B8C-C135EF09FC04}.DebugForms|x64.Build.0 = Debug|Any CPU
		{683D2893-FE51-4784-8B8C-C135EF09FC04}.Release|Any CPU.ActiveCfg = Release|Any CPU
		{683D2893-FE51-4784-8B8C-C135EF09FC04}.Release|Any CPU.Build.0 = Release|Any CPU
		{683D2893-FE51-4784-8B8C-C135EF09FC04}.Release|x64.ActiveCfg = Release|Any CPU
		{683D2893-FE51-4784-8B8C-C135EF09FC04}.Release|x64.Build.0 = Release|Any CPU
		{683D2893-FE51-4784-8B8C-C135EF09FC04}.ReleaseForms|Any CPU.ActiveCfg = Release|Any CPU
		{683D2893-FE51-4784-8B8C-C135EF09FC04}.ReleaseForms|Any CPU.Build.0 = Release|Any CPU
		{683D2893-FE51-4784-8B8C-C135EF09FC04}.ReleaseForms|x64.ActiveCfg = Release|Any CPU
		{683D2893-FE51-4784-8B8C-C135EF09FC04}.ReleaseForms|x64.Build.0 = Release|Any CPU
		{1A32802D-BE72-49C1-8F5E-6E5AC05A1C3A}.Debug|Any CPU.ActiveCfg = Debug|Any CPU
		{1A32802D-BE72-49C1-8F5E-6E5AC05A1C3A}.Debug|Any CPU.Build.0 = Debug|Any CPU
		{1A32802D-BE72-49C1-8F5E-6E5AC05A1C3A}.Debug|x64.ActiveCfg = Debug|x64
		{1A32802D-BE72-49C1-8F5E-6E5AC05A1C3A}.Debug|x64.Build.0 = Debug|x64
		{1A32802D-BE72-49C1-8F5E-6E5AC05A1C3A}.DebugForms|Any CPU.ActiveCfg = Debug|Any CPU
		{1A32802D-BE72-49C1-8F5E-6E5AC05A1C3A}.DebugForms|Any CPU.Build.0 = Debug|Any CPU
		{1A32802D-BE72-49C1-8F5E-6E5AC05A1C3A}.DebugForms|x64.ActiveCfg = Debug|x64
		{1A32802D-BE72-49C1-8F5E-6E5AC05A1C3A}.DebugForms|x64.Build.0 = Debug|x64
		{1A32802D-BE72-49C1-8F5E-6E5AC05A1C3A}.Release|Any CPU.ActiveCfg = Release|Any CPU
		{1A32802D-BE72-49C1-8F5E-6E5AC05A1C3A}.Release|Any CPU.Build.0 = Release|Any CPU
		{1A32802D-BE72-49C1-8F5E-6E5AC05A1C3A}.Release|x64.ActiveCfg = Release|x64
		{1A32802D-BE72-49C1-8F5E-6E5AC05A1C3A}.Release|x64.Build.0 = Release|x64
		{1A32802D-BE72-49C1-8F5E-6E5AC05A1C3A}.ReleaseForms|Any CPU.ActiveCfg = Release|Any CPU
		{1A32802D-BE72-49C1-8F5E-6E5AC05A1C3A}.ReleaseForms|Any CPU.Build.0 = Release|Any CPU
		{1A32802D-BE72-49C1-8F5E-6E5AC05A1C3A}.ReleaseForms|x64.ActiveCfg = Release|x64
		{1A32802D-BE72-49C1-8F5E-6E5AC05A1C3A}.ReleaseForms|x64.Build.0 = Release|x64
		{EBDF82F6-45D1-4A07-A07E-F79242A7CA3B}.Debug|Any CPU.ActiveCfg = Debug|x64
		{EBDF82F6-45D1-4A07-A07E-F79242A7CA3B}.Debug|Any CPU.Build.0 = Debug|x64
		{EBDF82F6-45D1-4A07-A07E-F79242A7CA3B}.Debug|x64.ActiveCfg = Debug|x64
		{EBDF82F6-45D1-4A07-A07E-F79242A7CA3B}.Debug|x64.Build.0 = Debug|x64
		{EBDF82F6-45D1-4A07-A07E-F79242A7CA3B}.DebugForms|Any CPU.ActiveCfg = Debug|x64
		{EBDF82F6-45D1-4A07-A07E-F79242A7CA3B}.DebugForms|Any CPU.Build.0 = Debug|x64
		{EBDF82F6-45D1-4A07-A07E-F79242A7CA3B}.DebugForms|x64.ActiveCfg = Debug|x64
		{EBDF82F6-45D1-4A07-A07E-F79242A7CA3B}.DebugForms|x64.Build.0 = Debug|x64
		{EBDF82F6-45D1-4A07-A07E-F79242A7CA3B}.Release|Any CPU.ActiveCfg = Release|x64
		{EBDF82F6-45D1-4A07-A07E-F79242A7CA3B}.Release|Any CPU.Build.0 = Release|x64
		{EBDF82F6-45D1-4A07-A07E-F79242A7CA3B}.Release|x64.ActiveCfg = Release|x64
		{EBDF82F6-45D1-4A07-A07E-F79242A7CA3B}.Release|x64.Build.0 = Release|x64
		{EBDF82F6-45D1-4A07-A07E-F79242A7CA3B}.ReleaseForms|Any CPU.ActiveCfg = Release|x64
		{EBDF82F6-45D1-4A07-A07E-F79242A7CA3B}.ReleaseForms|Any CPU.Build.0 = Release|x64
		{EBDF82F6-45D1-4A07-A07E-F79242A7CA3B}.ReleaseForms|x64.ActiveCfg = Release|x64
		{EBDF82F6-45D1-4A07-A07E-F79242A7CA3B}.ReleaseForms|x64.Build.0 = Release|x64
		{AB36F520-A0D6-4E2A-B562-746C20457800}.Debug|Any CPU.ActiveCfg = Debug|Any CPU
		{AB36F520-A0D6-4E2A-B562-746C20457800}.Debug|Any CPU.Build.0 = Debug|Any CPU
		{AB36F520-A0D6-4E2A-B562-746C20457800}.Debug|x64.ActiveCfg = Debug|Any CPU
		{AB36F520-A0D6-4E2A-B562-746C20457800}.Debug|x64.Build.0 = Debug|Any CPU
		{AB36F520-A0D6-4E2A-B562-746C20457800}.DebugForms|Any CPU.ActiveCfg = Debug|Any CPU
		{AB36F520-A0D6-4E2A-B562-746C20457800}.DebugForms|Any CPU.Build.0 = Debug|Any CPU
		{AB36F520-A0D6-4E2A-B562-746C20457800}.DebugForms|x64.ActiveCfg = Debug|Any CPU
		{AB36F520-A0D6-4E2A-B562-746C20457800}.DebugForms|x64.Build.0 = Debug|Any CPU
		{AB36F520-A0D6-4E2A-B562-746C20457800}.Release|Any CPU.ActiveCfg = Release|Any CPU
		{AB36F520-A0D6-4E2A-B562-746C20457800}.Release|Any CPU.Build.0 = Release|Any CPU
		{AB36F520-A0D6-4E2A-B562-746C20457800}.Release|x64.ActiveCfg = Release|Any CPU
		{AB36F520-A0D6-4E2A-B562-746C20457800}.Release|x64.Build.0 = Release|Any CPU
		{AB36F520-A0D6-4E2A-B562-746C20457800}.ReleaseForms|Any CPU.ActiveCfg = Release|Any CPU
		{AB36F520-A0D6-4E2A-B562-746C20457800}.ReleaseForms|Any CPU.Build.0 = Release|Any CPU
		{AB36F520-A0D6-4E2A-B562-746C20457800}.ReleaseForms|x64.ActiveCfg = Release|Any CPU
		{AB36F520-A0D6-4E2A-B562-746C20457800}.ReleaseForms|x64.Build.0 = Release|Any CPU
		{F2FD022A-AC73-4A1E-9F10-0B1D71578529}.Debug|Any CPU.ActiveCfg = Debug|Any CPU
		{F2FD022A-AC73-4A1E-9F10-0B1D71578529}.Debug|Any CPU.Build.0 = Debug|Any CPU
		{F2FD022A-AC73-4A1E-9F10-0B1D71578529}.Debug|x64.ActiveCfg = Debug|Any CPU
		{F2FD022A-AC73-4A1E-9F10-0B1D71578529}.Debug|x64.Build.0 = Debug|Any CPU
		{F2FD022A-AC73-4A1E-9F10-0B1D71578529}.DebugForms|Any CPU.ActiveCfg = Debug|Any CPU
		{F2FD022A-AC73-4A1E-9F10-0B1D71578529}.DebugForms|Any CPU.Build.0 = Debug|Any CPU
		{F2FD022A-AC73-4A1E-9F10-0B1D71578529}.DebugForms|x64.ActiveCfg = Debug|Any CPU
		{F2FD022A-AC73-4A1E-9F10-0B1D71578529}.DebugForms|x64.Build.0 = Debug|Any CPU
		{F2FD022A-AC73-4A1E-9F10-0B1D71578529}.Release|Any CPU.ActiveCfg = Release|Any CPU
		{F2FD022A-AC73-4A1E-9F10-0B1D71578529}.Release|Any CPU.Build.0 = Release|Any CPU
		{F2FD022A-AC73-4A1E-9F10-0B1D71578529}.Release|x64.ActiveCfg = Release|Any CPU
		{F2FD022A-AC73-4A1E-9F10-0B1D71578529}.Release|x64.Build.0 = Release|Any CPU
		{F2FD022A-AC73-4A1E-9F10-0B1D71578529}.ReleaseForms|Any CPU.ActiveCfg = Release|Any CPU
		{F2FD022A-AC73-4A1E-9F10-0B1D71578529}.ReleaseForms|Any CPU.Build.0 = Release|Any CPU
		{F2FD022A-AC73-4A1E-9F10-0B1D71578529}.ReleaseForms|x64.ActiveCfg = Release|Any CPU
		{F2FD022A-AC73-4A1E-9F10-0B1D71578529}.ReleaseForms|x64.Build.0 = Release|Any CPU
		{0EE9E449-67E2-4BCE-83AF-F1E20A5F95EB}.Debug|Any CPU.ActiveCfg = Debug|x64
		{0EE9E449-67E2-4BCE-83AF-F1E20A5F95EB}.Debug|Any CPU.Build.0 = Debug|x64
		{0EE9E449-67E2-4BCE-83AF-F1E20A5F95EB}.Debug|x64.ActiveCfg = Debug|x64
		{0EE9E449-67E2-4BCE-83AF-F1E20A5F95EB}.Debug|x64.Build.0 = Debug|x64
		{0EE9E449-67E2-4BCE-83AF-F1E20A5F95EB}.DebugForms|Any CPU.ActiveCfg = DebugForms|x64
		{0EE9E449-67E2-4BCE-83AF-F1E20A5F95EB}.DebugForms|Any CPU.Build.0 = DebugForms|x64
		{0EE9E449-67E2-4BCE-83AF-F1E20A5F95EB}.DebugForms|x64.ActiveCfg = DebugForms|x64
		{0EE9E449-67E2-4BCE-83AF-F1E20A5F95EB}.DebugForms|x64.Build.0 = DebugForms|x64
		{0EE9E449-67E2-4BCE-83AF-F1E20A5F95EB}.Release|Any CPU.ActiveCfg = Release|x64
		{0EE9E449-67E2-4BCE-83AF-F1E20A5F95EB}.Release|Any CPU.Build.0 = Release|x64
		{0EE9E449-67E2-4BCE-83AF-F1E20A5F95EB}.Release|x64.ActiveCfg = Release|x64
		{0EE9E449-67E2-4BCE-83AF-F1E20A5F95EB}.Release|x64.Build.0 = Release|x64
		{0EE9E449-67E2-4BCE-83AF-F1E20A5F95EB}.ReleaseForms|Any CPU.ActiveCfg = ReleaseForms|x64
		{0EE9E449-67E2-4BCE-83AF-F1E20A5F95EB}.ReleaseForms|Any CPU.Build.0 = ReleaseForms|x64
		{0EE9E449-67E2-4BCE-83AF-F1E20A5F95EB}.ReleaseForms|x64.ActiveCfg = ReleaseForms|x64
		{0EE9E449-67E2-4BCE-83AF-F1E20A5F95EB}.ReleaseForms|x64.Build.0 = ReleaseForms|x64
		{0C3A09AE-1B16-AD86-E6EC-15865121BEAD}.Debug|Any CPU.ActiveCfg = Debug|x64
		{0C3A09AE-1B16-AD86-E6EC-15865121BEAD}.Debug|Any CPU.Build.0 = Debug|x64
		{0C3A09AE-1B16-AD86-E6EC-15865121BEAD}.Debug|x64.ActiveCfg = Debug|x64
		{0C3A09AE-1B16-AD86-E6EC-15865121BEAD}.Debug|x64.Build.0 = Debug|x64
		{0C3A09AE-1B16-AD86-E6EC-15865121BEAD}.DebugForms|Any CPU.ActiveCfg = Debug|x64
		{0C3A09AE-1B16-AD86-E6EC-15865121BEAD}.DebugForms|Any CPU.Build.0 = Debug|x64
		{0C3A09AE-1B16-AD86-E6EC-15865121BEAD}.DebugForms|x64.ActiveCfg = Debug|x64
		{0C3A09AE-1B16-AD86-E6EC-15865121BEAD}.DebugForms|x64.Build.0 = Debug|x64
		{0C3A09AE-1B16-AD86-E6EC-15865121BEAD}.Release|Any CPU.ActiveCfg = Release|x64
		{0C3A09AE-1B16-AD86-E6EC-15865121BEAD}.Release|Any CPU.Build.0 = Release|x64
		{0C3A09AE-1B16-AD86-E6EC-15865121BEAD}.Release|x64.ActiveCfg = Release|x64
		{0C3A09AE-1B16-AD86-E6EC-15865121BEAD}.Release|x64.Build.0 = Release|x64
		{0C3A09AE-1B16-AD86-E6EC-15865121BEAD}.ReleaseForms|Any CPU.ActiveCfg = Release|x64
		{0C3A09AE-1B16-AD86-E6EC-15865121BEAD}.ReleaseForms|Any CPU.Build.0 = Release|x64
		{0C3A09AE-1B16-AD86-E6EC-15865121BEAD}.ReleaseForms|x64.ActiveCfg = Release|x64
		{0C3A09AE-1B16-AD86-E6EC-15865121BEAD}.ReleaseForms|x64.Build.0 = Release|x64
	EndGlobalSection
	GlobalSection(SolutionProperties) = preSolution
		HideSolutionNode = FALSE
	EndGlobalSection
	GlobalSection(ExtensibilityGlobals) = postSolution
		SolutionGuid = {B17E85B1-5F60-4440-9F9A-3DDE877E8CDF}
	EndGlobalSection
EndGlobal
